// !$*UTF8*$!
{
	archiveVersion = 1;
	classes = {
	};
	objectVersion = 50;
	objects = {

/* Begin PBXBuildFile section */
		72DADAEF750894CB7C8C0E3A /* Pods_PokeNote.framework in Frameworks */ = {isa = PBXBuildFile; fileRef = 3F717C66B5ECFCCA5216B5F7 /* Pods_PokeNote.framework */; };
		E501D15B219B1CD800C70CC1 /* PokemonAPI.swift in Sources */ = {isa = PBXBuildFile; fileRef = E501D15A219B1CD800C70CC1 /* PokemonAPI.swift */; };
		E501D160219B203200C70CC1 /* PokeTypeColors.swift in Sources */ = {isa = PBXBuildFile; fileRef = E501D15F219B203200C70CC1 /* PokeTypeColors.swift */; };
		E501D163219B21D700C70CC1 /* PokeTypes.swift in Sources */ = {isa = PBXBuildFile; fileRef = E501D162219B21D700C70CC1 /* PokeTypes.swift */; };
		E501D165219C7FFF00C70CC1 /* HomeViewController.swift in Sources */ = {isa = PBXBuildFile; fileRef = E501D164219C7FFF00C70CC1 /* HomeViewController.swift */; };
		E501D167219C806D00C70CC1 /* PokemonTableViewCell.swift in Sources */ = {isa = PBXBuildFile; fileRef = E501D166219C806D00C70CC1 /* PokemonTableViewCell.swift */; };
		E501D169219C819900C70CC1 /* Pokemon GB.ttf in Resources */ = {isa = PBXBuildFile; fileRef = E501D168219C819900C70CC1 /* Pokemon GB.ttf */; };
		E56D06162199D06D00D50042 /* AppDelegate.swift in Sources */ = {isa = PBXBuildFile; fileRef = E56D06152199D06D00D50042 /* AppDelegate.swift */; };
		E56D061B2199D06D00D50042 /* Main.storyboard in Resources */ = {isa = PBXBuildFile; fileRef = E56D06192199D06D00D50042 /* Main.storyboard */; };
		E56D061D2199D06E00D50042 /* Assets.xcassets in Resources */ = {isa = PBXBuildFile; fileRef = E56D061C2199D06E00D50042 /* Assets.xcassets */; };
		E56D06202199D06E00D50042 /* LaunchScreen.storyboard in Resources */ = {isa = PBXBuildFile; fileRef = E56D061E2199D06E00D50042 /* LaunchScreen.storyboard */; };
		E56D06292199D2C400D50042 /* Pokemon Solid.ttf in Resources */ = {isa = PBXBuildFile; fileRef = E56D06282199D2C400D50042 /* Pokemon Solid.ttf */; };
		E56D062B2199D8DF00D50042 /* DetailsViewController.swift in Sources */ = {isa = PBXBuildFile; fileRef = E56D062A2199D8DF00D50042 /* DetailsViewController.swift */; };
/* End PBXBuildFile section */

/* Begin PBXFileReference section */
		20FA3239B6CB12F136299587 /* Pods-PokeNote.debug.xcconfig */ = {isa = PBXFileReference; includeInIndex = 1; lastKnownFileType = text.xcconfig; name = "Pods-PokeNote.debug.xcconfig"; path = "Pods/Target Support Files/Pods-PokeNote/Pods-PokeNote.debug.xcconfig"; sourceTree = "<group>"; };
		3F717C66B5ECFCCA5216B5F7 /* Pods_PokeNote.framework */ = {isa = PBXFileReference; explicitFileType = wrapper.framework; includeInIndex = 0; path = Pods_PokeNote.framework; sourceTree = BUILT_PRODUCTS_DIR; };
		6DCA8FA6E918A511F158000D /* Pods-PokeNote.release.xcconfig */ = {isa = PBXFileReference; includeInIndex = 1; lastKnownFileType = text.xcconfig; name = "Pods-PokeNote.release.xcconfig"; path = "Pods/Target Support Files/Pods-PokeNote/Pods-PokeNote.release.xcconfig"; sourceTree = "<group>"; };
		E501D15A219B1CD800C70CC1 /* PokemonAPI.swift */ = {isa = PBXFileReference; lastKnownFileType = sourcecode.swift; path = PokemonAPI.swift; sourceTree = "<group>"; };
		E501D15F219B203200C70CC1 /* PokeTypeColors.swift */ = {isa = PBXFileReference; lastKnownFileType = sourcecode.swift; path = PokeTypeColors.swift; sourceTree = "<group>"; };
		E501D162219B21D700C70CC1 /* PokeTypes.swift */ = {isa = PBXFileReference; lastKnownFileType = sourcecode.swift; path = PokeTypes.swift; sourceTree = "<group>"; };
		E501D164219C7FFF00C70CC1 /* HomeViewController.swift */ = {isa = PBXFileReference; lastKnownFileType = sourcecode.swift; path = HomeViewController.swift; sourceTree = "<group>"; };
		E501D166219C806D00C70CC1 /* PokemonTableViewCell.swift */ = {isa = PBXFileReference; lastKnownFileType = sourcecode.swift; path = PokemonTableViewCell.swift; sourceTree = "<group>"; };
		E501D168219C819900C70CC1 /* Pokemon GB.ttf */ = {isa = PBXFileReference; lastKnownFileType = file; path = "Pokemon GB.ttf"; sourceTree = "<group>"; };
		E56D06122199D06D00D50042 /* PokeNote.app */ = {isa = PBXFileReference; explicitFileType = wrapper.application; includeInIndex = 0; path = PokeNote.app; sourceTree = BUILT_PRODUCTS_DIR; };
		E56D06152199D06D00D50042 /* AppDelegate.swift */ = {isa = PBXFileReference; lastKnownFileType = sourcecode.swift; path = AppDelegate.swift; sourceTree = "<group>"; };
		E56D061A2199D06D00D50042 /* Base */ = {isa = PBXFileReference; lastKnownFileType = file.storyboard; name = Base; path = Base.lproj/Main.storyboard; sourceTree = "<group>"; };
		E56D061C2199D06E00D50042 /* Assets.xcassets */ = {isa = PBXFileReference; lastKnownFileType = folder.assetcatalog; path = Assets.xcassets; sourceTree = "<group>"; };
		E56D061F2199D06E00D50042 /* Base */ = {isa = PBXFileReference; lastKnownFileType = file.storyboard; name = Base; path = Base.lproj/LaunchScreen.storyboard; sourceTree = "<group>"; };
		E56D06212199D06E00D50042 /* Info.plist */ = {isa = PBXFileReference; lastKnownFileType = text.plist.xml; path = Info.plist; sourceTree = "<group>"; };
		E56D06282199D2C400D50042 /* Pokemon Solid.ttf */ = {isa = PBXFileReference; lastKnownFileType = file; path = "Pokemon Solid.ttf"; sourceTree = "<group>"; };
		E56D062A2199D8DF00D50042 /* DetailsViewController.swift */ = {isa = PBXFileReference; lastKnownFileType = sourcecode.swift; path = DetailsViewController.swift; sourceTree = "<group>"; };
/* End PBXFileReference section */

/* Begin PBXFrameworksBuildPhase section */
		E56D060F2199D06D00D50042 /* Frameworks */ = {
			isa = PBXFrameworksBuildPhase;
			buildActionMask = 2147483647;
			files = (
				72DADAEF750894CB7C8C0E3A /* Pods_PokeNote.framework in Frameworks */,
			);
			runOnlyForDeploymentPostprocessing = 0;
		};
/* End PBXFrameworksBuildPhase section */

/* Begin PBXGroup section */
		5B3E5E216BD91D01DDDC2C6F /* Frameworks */ = {
			isa = PBXGroup;
			children = (
				3F717C66B5ECFCCA5216B5F7 /* Pods_PokeNote.framework */,
			);
			name = Frameworks;
			sourceTree = "<group>";
		};
		D3593D21707584CEC2FEED77 /* Pods */ = {
			isa = PBXGroup;
			children = (
				20FA3239B6CB12F136299587 /* Pods-PokeNote.debug.xcconfig */,
				6DCA8FA6E918A511F158000D /* Pods-PokeNote.release.xcconfig */,
			);
			name = Pods;
			sourceTree = "<group>";
		};
		E501D15C219B1FD200C70CC1 /* ViewControllers */ = {
			isa = PBXGroup;
			children = (
				E501D164219C7FFF00C70CC1 /* HomeViewController.swift */,
				E56D062A2199D8DF00D50042 /* DetailsViewController.swift */,
				E501D166219C806D00C70CC1 /* PokemonTableViewCell.swift */,
			);
			path = ViewControllers;
			sourceTree = "<group>";
		};
		E501D15D219B1FE300C70CC1 /* API Handling */ = {
			isa = PBXGroup;
			children = (
				E501D15A219B1CD800C70CC1 /* PokemonAPI.swift */,
			);
			path = "API Handling";
			sourceTree = "<group>";
		};
		E501D15E219B200E00C70CC1 /* Color Extinsions */ = {
			isa = PBXGroup;
			children = (
				E501D15F219B203200C70CC1 /* PokeTypeColors.swift */,
			);
			path = "Color Extinsions";
			sourceTree = "<group>";
		};
		E501D161219B21B400C70CC1 /* Enums */ = {
			isa = PBXGroup;
			children = (
				E501D162219B21D700C70CC1 /* PokeTypes.swift */,
			);
			path = Enums;
			sourceTree = "<group>";
		};
		E56D06092199D06D00D50042 = {
			isa = PBXGroup;
			children = (
				E56D06142199D06D00D50042 /* PokeNote */,
				E56D06132199D06D00D50042 /* Products */,
				D3593D21707584CEC2FEED77 /* Pods */,
				5B3E5E216BD91D01DDDC2C6F /* Frameworks */,
			);
			sourceTree = "<group>";
		};
		E56D06132199D06D00D50042 /* Products */ = {
			isa = PBXGroup;
			children = (
				E56D06122199D06D00D50042 /* PokeNote.app */,
			);
			name = Products;
			sourceTree = "<group>";
		};
		E56D06142199D06D00D50042 /* PokeNote */ = {
			isa = PBXGroup;
			children = (
				E56D06152199D06D00D50042 /* AppDelegate.swift */,
				E501D15C219B1FD200C70CC1 /* ViewControllers */,
				E501D161219B21B400C70CC1 /* Enums */,
				E501D15D219B1FE300C70CC1 /* API Handling */,
				E501D15E219B200E00C70CC1 /* Color Extinsions */,
				E56D06192199D06D00D50042 /* Main.storyboard */,
				E56D061C2199D06E00D50042 /* Assets.xcassets */,
				E56D061E2199D06E00D50042 /* LaunchScreen.storyboard */,
				E56D06212199D06E00D50042 /* Info.plist */,
				E56D06272199D2AF00D50042 /* Resourses */,
			);
			path = PokeNote;
			sourceTree = "<group>";
		};
		E56D06272199D2AF00D50042 /* Resourses */ = {
			isa = PBXGroup;
			children = (
				E501D168219C819900C70CC1 /* Pokemon GB.ttf */,
				E56D06282199D2C400D50042 /* Pokemon Solid.ttf */,
			);
			path = Resourses;
			sourceTree = "<group>";
		};
/* End PBXGroup section */

/* Begin PBXNativeTarget section */
		E56D06112199D06D00D50042 /* PokeNote */ = {
			isa = PBXNativeTarget;
			buildConfigurationList = E56D06242199D06E00D50042 /* Build configuration list for PBXNativeTarget "PokeNote" */;
			buildPhases = (
				2F3CF8189ECF586677A6E2AC /* [CP] Check Pods Manifest.lock */,
				E56D060E2199D06D00D50042 /* Sources */,
				E56D060F2199D06D00D50042 /* Frameworks */,
				E56D06102199D06D00D50042 /* Resources */,
				37EE95A2A2867B41C16039CC /* [CP] Embed Pods Frameworks */,
			);
			buildRules = (
			);
			dependencies = (
			);
			name = PokeNote;
			productName = PokeNote;
			productReference = E56D06122199D06D00D50042 /* PokeNote.app */;
			productType = "com.apple.product-type.application";
		};
/* End PBXNativeTarget section */

/* Begin PBXProject section */
		E56D060A2199D06D00D50042 /* Project object */ = {
			isa = PBXProject;
			attributes = {
				LastSwiftUpdateCheck = 1000;
				LastUpgradeCheck = 1000;
				ORGANIZATIONNAME = "Tanner York";
				TargetAttributes = {
					E56D06112199D06D00D50042 = {
						CreatedOnToolsVersion = 10.0;
					};
				};
			};
			buildConfigurationList = E56D060D2199D06D00D50042 /* Build configuration list for PBXProject "PokeNote" */;
			compatibilityVersion = "Xcode 9.3";
			developmentRegion = en;
			hasScannedForEncodings = 0;
			knownRegions = (
				en,
				Base,
			);
			mainGroup = E56D06092199D06D00D50042;
			productRefGroup = E56D06132199D06D00D50042 /* Products */;
			projectDirPath = "";
			projectRoot = "";
			targets = (
				E56D06112199D06D00D50042 /* PokeNote */,
			);
		};
/* End PBXProject section */

/* Begin PBXResourcesBuildPhase section */
		E56D06102199D06D00D50042 /* Resources */ = {
			isa = PBXResourcesBuildPhase;
			buildActionMask = 2147483647;
			files = (
				E56D06202199D06E00D50042 /* LaunchScreen.storyboard in Resources */,
				E56D06292199D2C400D50042 /* Pokemon Solid.ttf in Resources */,
				E501D169219C819900C70CC1 /* Pokemon GB.ttf in Resources */,
				E56D061D2199D06E00D50042 /* Assets.xcassets in Resources */,
				E56D061B2199D06D00D50042 /* Main.storyboard in Resources */,
			);
			runOnlyForDeploymentPostprocessing = 0;
		};
/* End PBXResourcesBuildPhase section */

/* Begin PBXShellScriptBuildPhase section */
		2F3CF8189ECF586677A6E2AC /* [CP] Check Pods Manifest.lock */ = {
			isa = PBXShellScriptBuildPhase;
			buildActionMask = 2147483647;
			files = (
			);
			inputPaths = (
				"${PODS_PODFILE_DIR_PATH}/Podfile.lock",
				"${PODS_ROOT}/Manifest.lock",
			);
			name = "[CP] Check Pods Manifest.lock";
			outputPaths = (
				"$(DERIVED_FILE_DIR)/Pods-PokeNote-checkManifestLockResult.txt",
			);
			runOnlyForDeploymentPostprocessing = 0;
			shellPath = /bin/sh;
			shellScript = "diff \"${PODS_PODFILE_DIR_PATH}/Podfile.lock\" \"${PODS_ROOT}/Manifest.lock\" > /dev/null\nif [ $? != 0 ] ; then\n    # print error to STDERR\n    echo \"error: The sandbox is not in sync with the Podfile.lock. Run 'pod install' or update your CocoaPods installation.\" >&2\n    exit 1\nfi\n# This output is used by Xcode 'outputs' to avoid re-running this script phase.\necho \"SUCCESS\" > \"${SCRIPT_OUTPUT_FILE_0}\"\n";
			showEnvVarsInLog = 0;
		};
		37EE95A2A2867B41C16039CC /* [CP] Embed Pods Frameworks */ = {
			isa = PBXShellScriptBuildPhase;
			buildActionMask = 2147483647;
			files = (
			);
			inputPaths = (
				"${SRCROOT}/Pods/Target Support Files/Pods-PokeNote/Pods-PokeNote-frameworks.sh",
				"${BUILT_PRODUCTS_DIR}/Alamofire/Alamofire.framework",
				"${BUILT_PRODUCTS_DIR}/SDWebImage/SDWebImage.framework",
				"${BUILT_PRODUCTS_DIR}/SwiftyJSON/SwiftyJSON.framework",
			);
			name = "[CP] Embed Pods Frameworks";
			outputPaths = (
				"${TARGET_BUILD_DIR}/${FRAMEWORKS_FOLDER_PATH}/Alamofire.framework",
				"${TARGET_BUILD_DIR}/${FRAMEWORKS_FOLDER_PATH}/SDWebImage.framework",
				"${TARGET_BUILD_DIR}/${FRAMEWORKS_FOLDER_PATH}/SwiftyJSON.framework",
			);
			runOnlyForDeploymentPostprocessing = 0;
			shellPath = /bin/sh;
			shellScript = "\"${SRCROOT}/Pods/Target Support Files/Pods-PokeNote/Pods-PokeNote-frameworks.sh\"\n";
			showEnvVarsInLog = 0;
		};
/* End PBXShellScriptBuildPhase section */

/* Begin PBXSourcesBuildPhase section */
		E56D060E2199D06D00D50042 /* Sources */ = {
			isa = PBXSourcesBuildPhase;
			buildActionMask = 2147483647;
			files = (
				E501D163219B21D700C70CC1 /* PokeTypes.swift in Sources */,
				E501D167219C806D00C70CC1 /* PokemonTableViewCell.swift in Sources */,
				E56D06162199D06D00D50042 /* AppDelegate.swift in Sources */,
				E56D062B2199D8DF00D50042 /* DetailsViewController.swift in Sources */,
				E501D160219B203200C70CC1 /* PokeTypeColors.swift in Sources */,
				E501D15B219B1CD800C70CC1 /* PokemonAPI.swift in Sources */,
				E501D165219C7FFF00C70CC1 /* HomeViewController.swift in Sources */,
			);
			runOnlyForDeploymentPostprocessing = 0;
		};
/* End PBXSourcesBuildPhase section */

/* Begin PBXVariantGroup section */
		E56D06192199D06D00D50042 /* Main.storyboard */ = {
			isa = PBXVariantGroup;
			children = (
				E56D061A2199D06D00D50042 /* Base */,
			);
			name = Main.storyboard;
			sourceTree = "<group>";
		};
		E56D061E2199D06E00D50042 /* LaunchScreen.storyboard */ = {
			isa = PBXVariantGroup;
			children = (
				E56D061F2199D06E00D50042 /* Base */,
			);
			name = LaunchScreen.storyboard;
			sourceTree = "<group>";
		};
/* End PBXVariantGroup section */

/* Begin XCBuildConfiguration section */
		E56D06222199D06E00D50042 /* Debug */ = {
			isa = XCBuildConfiguration;
			buildSettings = {
				ALWAYS_SEARCH_USER_PATHS = NO;
				CLANG_ANALYZER_NONNULL = YES;
				CLANG_ANALYZER_NUMBER_OBJECT_CONVERSION = YES_AGGRESSIVE;
				CLANG_CXX_LANGUAGE_STANDARD = "gnu++14";
				CLANG_CXX_LIBRARY = "libc++";
				CLANG_ENABLE_MODULES = YES;
				CLANG_ENABLE_OBJC_ARC = YES;
				CLANG_ENABLE_OBJC_WEAK = YES;
				CLANG_WARN_BLOCK_CAPTURE_AUTORELEASING = YES;
				CLANG_WARN_BOOL_CONVERSION = YES;
				CLANG_WARN_COMMA = YES;
				CLANG_WARN_CONSTANT_CONVERSION = YES;
				CLANG_WARN_DEPRECATED_OBJC_IMPLEMENTATIONS = YES;
				CLANG_WARN_DIRECT_OBJC_ISA_USAGE = YES_ERROR;
				CLANG_WARN_DOCUMENTATION_COMMENTS = YES;
				CLANG_WARN_EMPTY_BODY = YES;
				CLANG_WARN_ENUM_CONVERSION = YES;
				CLANG_WARN_INFINITE_RECURSION = YES;
				CLANG_WARN_INT_CONVERSION = YES;
				CLANG_WARN_NON_LITERAL_NULL_CONVERSION = YES;
				CLANG_WARN_OBJC_IMPLICIT_RETAIN_SELF = YES;
				CLANG_WARN_OBJC_LITERAL_CONVERSION = YES;
				CLANG_WARN_OBJC_ROOT_CLASS = YES_ERROR;
				CLANG_WARN_RANGE_LOOP_ANALYSIS = YES;
				CLANG_WARN_STRICT_PROTOTYPES = YES;
				CLANG_WARN_SUSPICIOUS_MOVE = YES;
				CLANG_WARN_UNGUARDED_AVAILABILITY = YES_AGGRESSIVE;
				CLANG_WARN_UNREACHABLE_CODE = YES;
				CLANG_WARN__DUPLICATE_METHOD_MATCH = YES;
				CODE_SIGN_IDENTITY = "iPhone Developer";
				COPY_PHASE_STRIP = NO;
				DEBUG_INFORMATION_FORMAT = dwarf;
				ENABLE_STRICT_OBJC_MSGSEND = YES;
				ENABLE_TESTABILITY = YES;
				GCC_C_LANGUAGE_STANDARD = gnu11;
				GCC_DYNAMIC_NO_PIC = NO;
				GCC_NO_COMMON_BLOCKS = YES;
				GCC_OPTIMIZATION_LEVEL = 0;
				GCC_PREPROCESSOR_DEFINITIONS = (
					"DEBUG=1",
					"$(inherited)",
				);
				GCC_WARN_64_TO_32_BIT_CONVERSION = YES;
				GCC_WARN_ABOUT_RETURN_TYPE = YES_ERROR;
				GCC_WARN_UNDECLARED_SELECTOR = YES;
				GCC_WARN_UNINITIALIZED_AUTOS = YES_AGGRESSIVE;
				GCC_WARN_UNUSED_FUNCTION = YES;
				GCC_WARN_UNUSED_VARIABLE = YES;
				IPHONEOS_DEPLOYMENT_TARGET = 12.0;
				MTL_ENABLE_DEBUG_INFO = INCLUDE_SOURCE;
				MTL_FAST_MATH = YES;
				ONLY_ACTIVE_ARCH = YES;
				SDKROOT = iphoneos;
				SWIFT_ACTIVE_COMPILATION_CONDITIONS = DEBUG;
				SWIFT_OPTIMIZATION_LEVEL = "-Onone";
			};
			name = Debug;
		};
		E56D06232199D06E00D50042 /* Release */ = {
			isa = XCBuildConfiguration;
			buildSettings = {
				ALWAYS_SEARCH_USER_PATHS = NO;
				CLANG_ANALYZER_NONNULL = YES;
				CLANG_ANALYZER_NUMBER_OBJECT_CONVERSION = YES_AGGRESSIVE;
				CLANG_CXX_LANGUAGE_STANDARD = "gnu++14";
				CLANG_CXX_LIBRARY = "libc++";
				CLANG_ENABLE_MODULES = YES;
				CLANG_ENABLE_OBJC_ARC = YES;
				CLANG_ENABLE_OBJC_WEAK = YES;
				CLANG_WARN_BLOCK_CAPTURE_AUTORELEASING = YES;
				CLANG_WARN_BOOL_CONVERSION = YES;
				CLANG_WARN_COMMA = YES;
				CLANG_WARN_CONSTANT_CONVERSION = YES;
				CLANG_WARN_DEPRECATED_OBJC_IMPLEMENTATIONS = YES;
				CLANG_WARN_DIRECT_OBJC_ISA_USAGE = YES_ERROR;
				CLANG_WARN_DOCUMENTATION_COMMENTS = YES;
				CLANG_WARN_EMPTY_BODY = YES;
				CLANG_WARN_ENUM_CONVERSION = YES;
				CLANG_WARN_INFINITE_RECURSION = YES;
				CLANG_WARN_INT_CONVERSION = YES;
				CLANG_WARN_NON_LITERAL_NULL_CONVERSION = YES;
				CLANG_WARN_OBJC_IMPLICIT_RETAIN_SELF = YES;
				CLANG_WARN_OBJC_LITERAL_CONVERSION = YES;
				CLANG_WARN_OBJC_ROOT_CLASS = YES_ERROR;
				CLANG_WARN_RANGE_LOOP_ANALYSIS = YES;
				CLANG_WARN_STRICT_PROTOTYPES = YES;
				CLANG_WARN_SUSPICIOUS_MOVE = YES;
				CLANG_WARN_UNGUARDED_AVAILABILITY = YES_AGGRESSIVE;
				CLANG_WARN_UNREACHABLE_CODE = YES;
				CLANG_WARN__DUPLICATE_METHOD_MATCH = YES;
				CODE_SIGN_IDENTITY = "iPhone Developer";
				COPY_PHASE_STRIP = NO;
				DEBUG_INFORMATION_FORMAT = "dwarf-with-dsym";
				ENABLE_NS_ASSERTIONS = NO;
				ENABLE_STRICT_OBJC_MSGSEND = YES;
				GCC_C_LANGUAGE_STANDARD = gnu11;
				GCC_NO_COMMON_BLOCKS = YES;
				GCC_WARN_64_TO_32_BIT_CONVERSION = YES;
				GCC_WARN_ABOUT_RETURN_TYPE = YES_ERROR;
				GCC_WARN_UNDECLARED_SELECTOR = YES;
				GCC_WARN_UNINITIALIZED_AUTOS = YES_AGGRESSIVE;
				GCC_WARN_UNUSED_FUNCTION = YES;
				GCC_WARN_UNUSED_VARIABLE = YES;
				IPHONEOS_DEPLOYMENT_TARGET = 12.0;
				MTL_ENABLE_DEBUG_INFO = NO;
				MTL_FAST_MATH = YES;
				SDKROOT = iphoneos;
				SWIFT_COMPILATION_MODE = wholemodule;
				SWIFT_OPTIMIZATION_LEVEL = "-O";
				VALIDATE_PRODUCT = YES;
			};
			name = Release;
		};
		E56D06252199D06E00D50042 /* Debug */ = {
			isa = XCBuildConfiguration;
			baseConfigurationReference = 20FA3239B6CB12F136299587 /* Pods-PokeNote.debug.xcconfig */;
			buildSettings = {
				ASSETCATALOG_COMPILER_APPICON_NAME = AppIcon;
				CODE_SIGN_STYLE = Automatic;
				DEVELOPMENT_TEAM = C783ZR2C2A;
				INFOPLIST_FILE = PokeNote/Info.plist;
				LD_RUNPATH_SEARCH_PATHS = (
					"$(inherited)",
					"@executable_path/Frameworks",
				);
				PRODUCT_BUNDLE_IDENTIFIER = com.TannerY.PokeNote;
				PRODUCT_NAME = "$(TARGET_NAME)";
				SWIFT_VERSION = 4.2;
				TARGETED_DEVICE_FAMILY = "1,2";
			};
			name = Debug;
		};
		E56D06262199D06E00D50042 /* Release */ = {
			isa = XCBuildConfiguration;
			baseConfigurationReference = 6DCA8FA6E918A511F158000D /* Pods-PokeNote.release.xcconfig */;
			buildSettings = {
				ASSETCATALOG_COMPILER_APPICON_NAME = AppIcon;
				CODE_SIGN_STYLE = Automatic;
				DEVELOPMENT_TEAM = C783ZR2C2A;
				INFOPLIST_FILE = PokeNote/Info.plist;
				LD_RUNPATH_SEARCH_PATHS = (
					"$(inherited)",
					"@executable_path/Frameworks",
				);
				PRODUCT_BUNDLE_IDENTIFIER = com.TannerY.PokeNote;
				PRODUCT_NAME = "$(TARGET_NAME)";
				SWIFT_VERSION = 4.2;
				TARGETED_DEVICE_FAMILY = "1,2";
			};
			name = Release;
		};
/* End XCBuildConfiguration section */

/* Begin XCConfigurationList section */
		E56D060D2199D06D00D50042 /* Build configuration list for PBXProject "PokeNote" */ = {
			isa = XCConfigurationList;
			buildConfigurations = (
				E56D06222199D06E00D50042 /* Debug */,
				E56D06232199D06E00D50042 /* Release */,
			);
			defaultConfigurationIsVisible = 0;
			defaultConfigurationName = Release;
		};
		E56D06242199D06E00D50042 /* Build configuration list for PBXNativeTarget "PokeNote" */ = {
			isa = XCConfigurationList;
			buildConfigurations = (
				E56D06252199D06E00D50042 /* Debug */,
				E56D06262199D06E00D50042 /* Release */,
			);
			defaultConfigurationIsVisible = 0;
			defaultConfigurationName = Release;
		};
/* End XCConfigurationList section */
	};
	rootObject = E56D060A2199D06D00D50042 /* Project object */;
}
